// !$*UTF8*$!
{
	archiveVersion = 1;
	classes = {
	};
	objectVersion = 55;
	objects = {

/* Begin PBXBuildFile section */
		E7CF7E232880006700EA50CC /* AppDelegate.swift in Sources */ = {isa = PBXBuildFile; fileRef = E7CF7E222880006700EA50CC /* AppDelegate.swift */; };
		E7CF7E252880006700EA50CC /* SceneDelegate.swift in Sources */ = {isa = PBXBuildFile; fileRef = E7CF7E242880006700EA50CC /* SceneDelegate.swift */; };
		E7CF7E272880006700EA50CC /* ViewController.swift in Sources */ = {isa = PBXBuildFile; fileRef = E7CF7E262880006700EA50CC /* ViewController.swift */; };
		E7CF7E2A2880006700EA50CC /* Main.storyboard in Resources */ = {isa = PBXBuildFile; fileRef = E7CF7E282880006700EA50CC /* Main.storyboard */; };
		E7CF7E2D2880006700EA50CC /* Floating_Tabbar_Controller.xcdatamodeld in Sources */ = {isa = PBXBuildFile; fileRef = E7CF7E2B2880006700EA50CC /* Floating_Tabbar_Controller.xcdatamodeld */; };
		E7CF7E2F2880006A00EA50CC /* Assets.xcassets in Resources */ = {isa = PBXBuildFile; fileRef = E7CF7E2E2880006A00EA50CC /* Assets.xcassets */; };
		E7CF7E322880006A00EA50CC /* LaunchScreen.storyboard in Resources */ = {isa = PBXBuildFile; fileRef = E7CF7E302880006A00EA50CC /* LaunchScreen.storyboard */; };
		E7CF7E3A2880008F00EA50CC /* FloatingTabbarController.swift in Sources */ = {isa = PBXBuildFile; fileRef = E7CF7E392880008F00EA50CC /* FloatingTabbarController.swift */; };
/* End PBXBuildFile section */

/* Begin PBXFileReference section */
		E7CF7E1F2880006700EA50CC /* Floating Tabbar Controller.app */ = {isa = PBXFileReference; explicitFileType = wrapper.application; includeInIndex = 0; path = "Floating Tabbar Controller.app"; sourceTree = BUILT_PRODUCTS_DIR; };
		E7CF7E222880006700EA50CC /* AppDelegate.swift */ = {isa = PBXFileReference; lastKnownFileType = sourcecode.swift; path = AppDelegate.swift; sourceTree = "<group>"; };
		E7CF7E242880006700EA50CC /* SceneDelegate.swift */ = {isa = PBXFileReference; lastKnownFileType = sourcecode.swift; path = SceneDelegate.swift; sourceTree = "<group>"; };
		E7CF7E262880006700EA50CC /* ViewController.swift */ = {isa = PBXFileReference; lastKnownFileType = sourcecode.swift; path = ViewController.swift; sourceTree = "<group>"; };
		E7CF7E292880006700EA50CC /* Base */ = {isa = PBXFileReference; lastKnownFileType = file.storyboard; name = Base; path = Base.lproj/Main.storyboard; sourceTree = "<group>"; };
		E7CF7E2C2880006700EA50CC /* Floating_Tabbar_Controller.xcdatamodel */ = {isa = PBXFileReference; lastKnownFileType = wrapper.xcdatamodel; path = Floating_Tabbar_Controller.xcdatamodel; sourceTree = "<group>"; };
		E7CF7E2E2880006A00EA50CC /* Assets.xcassets */ = {isa = PBXFileReference; lastKnownFileType = folder.assetcatalog; path = Assets.xcassets; sourceTree = "<group>"; };
		E7CF7E312880006A00EA50CC /* Base */ = {isa = PBXFileReference; lastKnownFileType = file.storyboard; name = Base; path = Base.lproj/LaunchScreen.storyboard; sourceTree = "<group>"; };
		E7CF7E332880006A00EA50CC /* Info.plist */ = {isa = PBXFileReference; lastKnownFileType = text.plist.xml; path = Info.plist; sourceTree = "<group>"; };
		E7CF7E392880008F00EA50CC /* FloatingTabbarController.swift */ = {isa = PBXFileReference; lastKnownFileType = sourcecode.swift; path = FloatingTabbarController.swift; sourceTree = "<group>"; };
/* End PBXFileReference section */

/* Begin PBXFrameworksBuildPhase section */
		E7CF7E1C2880006700EA50CC /* Frameworks */ = {
			isa = PBXFrameworksBuildPhase;
			buildActionMask = 2147483647;
			files = (
			);
			runOnlyForDeploymentPostprocessing = 0;
		};
/* End PBXFrameworksBuildPhase section */

/* Begin PBXGroup section */
		E7CF7E162880006700EA50CC = {
			isa = PBXGroup;
			children = (
				E7CF7E212880006700EA50CC /* Floating Tabbar Controller */,
				E7CF7E202880006700EA50CC /* Products */,
			);
			sourceTree = "<group>";
		};
		E7CF7E202880006700EA50CC /* Products */ = {
			isa = PBXGroup;
			children = (
				E7CF7E1F2880006700EA50CC /* Floating Tabbar Controller.app */,
			);
			name = Products;
			sourceTree = "<group>";
		};
		E7CF7E212880006700EA50CC /* Floating Tabbar Controller */ = {
			isa = PBXGroup;
			children = (
				E7CF7E222880006700EA50CC /* AppDelegate.swift */,
				E7CF7E242880006700EA50CC /* SceneDelegate.swift */,
				E7CF7E262880006700EA50CC /* ViewController.swift */,
				E7CF7E392880008F00EA50CC /* FloatingTabbarController.swift */,
				E7CF7E282880006700EA50CC /* Main.storyboard */,
				E7CF7E2E2880006A00EA50CC /* Assets.xcassets */,
				E7CF7E302880006A00EA50CC /* LaunchScreen.storyboard */,
				E7CF7E332880006A00EA50CC /* Info.plist */,
				E7CF7E2B2880006700EA50CC /* Floating_Tabbar_Controller.xcdatamodeld */,
			);
			path = "Floating Tabbar Controller";
			sourceTree = "<group>";
		};
/* End PBXGroup section */

/* Begin PBXNativeTarget section */
		E7CF7E1E2880006700EA50CC /* Floating Tabbar Controller */ = {
			isa = PBXNativeTarget;
			buildConfigurationList = E7CF7E362880006A00EA50CC /* Build configuration list for PBXNativeTarget "Floating Tabbar Controller" */;
			buildPhases = (
				E7CF7E1B2880006700EA50CC /* Sources */,
				E7CF7E1C2880006700EA50CC /* Frameworks */,
				E7CF7E1D2880006700EA50CC /* Resources */,
			);
			buildRules = (
			);
			dependencies = (
			);
			name = "Floating Tabbar Controller";
			productName = "Floating Tabbar Controller";
			productReference = E7CF7E1F2880006700EA50CC /* Floating Tabbar Controller.app */;
			productType = "com.apple.product-type.application";
		};
/* End PBXNativeTarget section */

/* Begin PBXProject section */
		E7CF7E172880006700EA50CC /* Project object */ = {
			isa = PBXProject;
			attributes = {
				BuildIndependentTargetsInParallel = 1;
				LastSwiftUpdateCheck = 1340;
				LastUpgradeCheck = 1340;
				TargetAttributes = {
					E7CF7E1E2880006700EA50CC = {
						CreatedOnToolsVersion = 13.4.1;
					};
				};
			};
			buildConfigurationList = E7CF7E1A2880006700EA50CC /* Build configuration list for PBXProject "Floating Tabbar Controller" */;
			compatibilityVersion = "Xcode 13.0";
			developmentRegion = en;
			hasScannedForEncodings = 0;
			knownRegions = (
				en,
				Base,
			);
			mainGroup = E7CF7E162880006700EA50CC;
			productRefGroup = E7CF7E202880006700EA50CC /* Products */;
			projectDirPath = "";
			projectRoot = "";
			targets = (
				E7CF7E1E2880006700EA50CC /* Floating Tabbar Controller */,
			);
		};
/* End PBXProject section */

/* Begin PBXResourcesBuildPhase section */
		E7CF7E1D2880006700EA50CC /* Resources */ = {
			isa = PBXResourcesBuildPhase;
			buildActionMask = 2147483647;
			files = (
				E7CF7E322880006A00EA50CC /* LaunchScreen.storyboard in Resources */,
				E7CF7E2F2880006A00EA50CC /* Assets.xcassets in Resources */,
				E7CF7E2A2880006700EA50CC /* Main.storyboard in Resources */,
			);
			runOnlyForDeploymentPostprocessing = 0;
		};
/* End PBXResourcesBuildPhase section */

/* Begin PBXSourcesBuildPhase section */
		E7CF7E1B2880006700EA50CC /* Sources */ = {
			isa = PBXSourcesBuildPhase;
			buildActionMask = 2147483647;
			files = (
				E7CF7E272880006700EA50CC /* ViewController.swift in Sources */,
				E7CF7E2D2880006700EA50CC /* Floating_Tabbar_Controller.xcdatamodeld in Sources */,
				E7CF7E232880006700EA50CC /* AppDelegate.swift in Sources */,
				E7CF7E252880006700EA50CC /* SceneDelegate.swift in Sources */,
				E7CF7E3A2880008F00EA50CC /* FloatingTabbarController.swift in Sources */,
			);
			runOnlyForDeploymentPostprocessing = 0;
		};
/* End PBXSourcesBuildPhase section */

/* Begin PBXVariantGroup section */
		E7CF7E282880006700EA50CC /* Main.storyboard */ = {
			isa = PBXVariantGroup;
			children = (
				E7CF7E292880006700EA50CC /* Base */,
			);
			name = Main.storyboard;
			sourceTree = "<group>";
		};
		E7CF7E302880006A00EA50CC /* LaunchScreen.storyboard */ = {
			isa = PBXVariantGroup;
			children = (
				E7CF7E312880006A00EA50CC /* Base */,
			);
			name = LaunchScreen.storyboard;
			sourceTree = "<group>";
		};
/* End PBXVariantGroup section */

/* Begin XCBuildConfiguration section */
		E7CF7E342880006A00EA50CC /* Debug */ = {
			isa = XCBuildConfiguration;
			buildSettings = {
				ALWAYS_SEARCH_USER_PATHS = NO;
				CLANG_ANALYZER_NONNULL = YES;
				CLANG_ANALYZER_NUMBER_OBJECT_CONVERSION = YES_AGGRESSIVE;
				CLANG_CXX_LANGUAGE_STANDARD = "gnu++17";
				CLANG_ENABLE_MODULES = YES;
				CLANG_ENABLE_OBJC_ARC = YES;
				CLANG_ENABLE_OBJC_WEAK = YES;
				CLANG_WARN_BLOCK_CAPTURE_AUTORELEASING = YES;
				CLANG_WARN_BOOL_CONVERSION = YES;
				CLANG_WARN_COMMA = YES;
				CLANG_WARN_CONSTANT_CONVERSION = YES;
				CLANG_WARN_DEPRECATED_OBJC_IMPLEMENTATIONS = YES;
				CLANG_WARN_DIRECT_OBJC_ISA_USAGE = YES_ERROR;
				CLANG_WARN_DOCUMENTATION_COMMENTS = YES;
				CLANG_WARN_EMPTY_BODY = YES;
				CLANG_WARN_ENUM_CONVERSION = YES;
				CLANG_WARN_INFINITE_RECURSION = YES;
				CLANG_WARN_INT_CONVERSION = YES;
				CLANG_WARN_NON_LITERAL_NULL_CONVERSION = YES;
				CLANG_WARN_OBJC_IMPLICIT_RETAIN_SELF = YES;
				CLANG_WARN_OBJC_LITERAL_CONVERSION = YES;
				CLANG_WARN_OBJC_ROOT_CLASS = YES_ERROR;
				CLANG_WARN_QUOTED_INCLUDE_IN_FRAMEWORK_HEADER = YES;
				CLANG_WARN_RANGE_LOOP_ANALYSIS = YES;
				CLANG_WARN_STRICT_PROTOTYPES = YES;
				CLANG_WARN_SUSPICIOUS_MOVE = YES;
				CLANG_WARN_UNGUARDED_AVAILABILITY = YES_AGGRESSIVE;
				CLANG_WARN_UNREACHABLE_CODE = YES;
				CLANG_WARN__DUPLICATE_METHOD_MATCH = YES;
				COPY_PHASE_STRIP = NO;
				DEBUG_INFORMATION_FORMAT = dwarf;
				ENABLE_STRICT_OBJC_MSGSEND = YES;
				ENABLE_TESTABILITY = YES;
				GCC_C_LANGUAGE_STANDARD = gnu11;
				GCC_DYNAMIC_NO_PIC = NO;
				GCC_NO_COMMON_BLOCKS = YES;
				GCC_OPTIMIZATION_LEVEL = 0;
				GCC_PREPROCESSOR_DEFINITIONS = (
					"DEBUG=1",
					"$(inherited)",
				);
				GCC_WARN_64_TO_32_BIT_CONVERSION = YES;
				GCC_WARN_ABOUT_RETURN_TYPE = YES_ERROR;
				GCC_WARN_UNDECLARED_SELECTOR = YES;
				GCC_WARN_UNINITIALIZED_AUTOS = YES_AGGRESSIVE;
				GCC_WARN_UNUSED_FUNCTION = YES;
				GCC_WARN_UNUSED_VARIABLE = YES;
				IPHONEOS_DEPLOYMENT_TARGET = 15.5;
				MTL_ENABLE_DEBUG_INFO = INCLUDE_SOURCE;
				MTL_FAST_MATH = YES;
				ONLY_ACTIVE_ARCH = YES;
				SDKROOT = iphoneos;
				SWIFT_ACTIVE_COMPILATION_CONDITIONS = DEBUG;
				SWIFT_OPTIMIZATION_LEVEL = "-Onone";
			};
			name = Debug;
		};
		E7CF7E352880006A00EA50CC /* Release */ = {
			isa = XCBuildConfiguration;
			buildSettings = {
				ALWAYS_SEARCH_USER_PATHS = NO;
				CLANG_ANALYZER_NONNULL = YES;
				CLANG_ANALYZER_NUMBER_OBJECT_CONVERSION = YES_AGGRESSIVE;
				CLANG_CXX_LANGUAGE_STANDARD = "gnu++17";
				CLANG_ENABLE_MODULES = YES;
				CLANG_ENABLE_OBJC_ARC = YES;
				CLANG_ENABLE_OBJC_WEAK = YES;
				CLANG_WARN_BLOCK_CAPTURE_AUTORELEASING = YES;
				CLANG_WARN_BOOL_CONVERSION = YES;
				CLANG_WARN_COMMA = YES;
				CLANG_WARN_CONSTANT_CONVERSION = YES;
				CLANG_WARN_DEPRECATED_OBJC_IMPLEMENTATIONS = YES;
				CLANG_WARN_DIRECT_OBJC_ISA_USAGE = YES_ERROR;
				CLANG_WARN_DOCUMENTATION_COMMENTS = YES;
				CLANG_WARN_EMPTY_BODY = YES;
				CLANG_WARN_ENUM_CONVERSION = YES;
				CLANG_WARN_INFINITE_RECURSION = YES;
				CLANG_WARN_INT_CONVERSION = YES;
				CLANG_WARN_NON_LITERAL_NULL_CONVERSION = YES;
				CLANG_WARN_OBJC_IMPLICIT_RETAIN_SELF = YES;
				CLANG_WARN_OBJC_LITERAL_CONVERSION = YES;
				CLANG_WARN_OBJC_ROOT_CLASS = YES_ERROR;
				CLANG_WARN_QUOTED_INCLUDE_IN_FRAMEWORK_HEADER = YES;
				CLANG_WARN_RANGE_LOOP_ANALYSIS = YES;
				CLANG_WARN_STRICT_PROTOTYPES = YES;
				CLANG_WARN_SUSPICIOUS_MOVE = YES;
				CLANG_WARN_UNGUARDED_AVAILABILITY = YES_AGGRESSIVE;
				CLANG_WARN_UNREACHABLE_CODE = YES;
				CLANG_WARN__DUPLICATE_METHOD_MATCH = YES;
				COPY_PHASE_STRIP = NO;
				DEBUG_INFORMATION_FORMAT = "dwarf-with-dsym";
				ENABLE_NS_ASSERTIONS = NO;
				ENABLE_STRICT_OBJC_MSGSEND = YES;
				GCC_C_LANGUAGE_STANDARD = gnu11;
				GCC_NO_COMMON_BLOCKS = YES;
				GCC_WARN_64_TO_32_BIT_CONVERSION = YES;
				GCC_WARN_ABOUT_RETURN_TYPE = YES_ERROR;
				GCC_WARN_UNDECLARED_SELECTOR = YES;
				GCC_WARN_UNINITIALIZED_AUTOS = YES_AGGRESSIVE;
				GCC_WARN_UNUSED_FUNCTION = YES;
				GCC_WARN_UNUSED_VARIABLE = YES;
				IPHONEOS_DEPLOYMENT_TARGET = 15.5;
				MTL_ENABLE_DEBUG_INFO = NO;
				MTL_FAST_MATH = YES;
				SDKROOT = iphoneos;
				SWIFT_COMPILATION_MODE = wholemodule;
				SWIFT_OPTIMIZATION_LEVEL = "-O";
				VALIDATE_PRODUCT = YES;
			};
			name = Release;
		};
		E7CF7E372880006A00EA50CC /* Debug */ = {
			isa = XCBuildConfiguration;
			buildSettings = {
				ASSETCATALOG_COMPILER_APPICON_NAME = AppIcon;
				ASSETCATALOG_COMPILER_GLOBAL_ACCENT_COLOR_NAME = AccentColor;
				CODE_SIGN_STYLE = Automatic;
				CURRENT_PROJECT_VERSION = 1;
				DEVELOPMENT_TEAM = 6RDRZ62R84;
				GENERATE_INFOPLIST_FILE = YES;
				INFOPLIST_FILE = "Floating Tabbar Controller/Info.plist";
				INFOPLIST_KEY_UIApplicationSupportsIndirectInputEvents = YES;
				INFOPLIST_KEY_UILaunchStoryboardName = LaunchScreen;
				INFOPLIST_KEY_UIMainStoryboardFile = Main;
				INFOPLIST_KEY_UISupportedInterfaceOrientations_iPad = "UIInterfaceOrientationPortrait UIInterfaceOrientationPortraitUpsideDown UIInterfaceOrientationLandscapeLeft UIInterfaceOrientationLandscapeRight";
				INFOPLIST_KEY_UISupportedInterfaceOrientations_iPhone = "UIInterfaceOrientationPortrait UIInterfaceOrientationLandscapeLeft UIInterfaceOrientationLandscapeRight";
				IPHONEOS_DEPLOYMENT_TARGET = 10.0;
				LD_RUNPATH_SEARCH_PATHS = (
					"$(inherited)",
					"@executable_path/Frameworks",
				);
				MARKETING_VERSION = 1.0;
				PRODUCT_BUNDLE_IDENTIFIER = "com.sarimashfaq.Floating-Tabbar-Controller";
				PRODUCT_NAME = "$(TARGET_NAME)";
				SWIFT_EMIT_LOC_STRINGS = YES;
				SWIFT_VERSION = 4.2;
				TARGETED_DEVICE_FAMILY = "1,2";
			};
			name = Debug;
		};
		E7CF7E382880006A00EA50CC /* Release */ = {
			isa = XCBuildConfiguration;
			buildSettings = {
				ASSETCATALOG_COMPILER_APPICON_NAME = AppIcon;
				ASSETCATALOG_COMPILER_GLOBAL_ACCENT_COLOR_NAME = AccentColor;
				CODE_SIGN_STYLE = Automatic;
				CURRENT_PROJECT_VERSION = 1;
				DEVELOPMENT_TEAM = 6RDRZ62R84;
				GENERATE_INFOPLIST_FILE = YES;
				INFOPLIST_FILE = "Floating Tabbar Controller/Info.plist";
				INFOPLIST_KEY_UIApplicationSupportsIndirectInputEvents = YES;
				INFOPLIST_KEY_UILaunchStoryboardName = LaunchScreen;
				INFOPLIST_KEY_UIMainStoryboardFile = Main;
				INFOPLIST_KEY_UISupportedInterfaceOrientations_iPad = "UIInterfaceOrientationPortrait UIInterfaceOrientationPortraitUpsideDown UIInterfaceOrientationLandscapeLeft UIInterfaceOrientationLandscapeRight";
				INFOPLIST_KEY_UISupportedInterfaceOrientations_iPhone = "UIInterfaceOrientationPortrait UIInterfaceOrientationLandscapeLeft UIInterfaceOrientationLandscapeRight";
				IPHONEOS_DEPLOYMENT_TARGET = 10.0;
				LD_RUNPATH_SEARCH_PATHS = (
					"$(inherited)",
					"@executable_path/Frameworks",
				);
				MARKETING_VERSION = 1.0;
				PRODUCT_BUNDLE_IDENTIFIER = "com.sarimashfaq.Floating-Tabbar-Controller";
				PRODUCT_NAME = "$(TARGET_NAME)";
				SWIFT_EMIT_LOC_STRINGS = YES;
				SWIFT_VERSION = 4.2;
				TARGETED_DEVICE_FAMILY = "1,2";
			};
			name = Release;
		};
/* End XCBuildConfiguration section */

/* Begin XCConfigurationList section */
		E7CF7E1A2880006700EA50CC /* Build configuration list for PBXProject "Floating Tabbar Controller" */ = {
			isa = XCConfigurationList;
			buildConfigurations = (
				E7CF7E342880006A00EA50CC /* Debug */,
				E7CF7E352880006A00EA50CC /* Release */,
			);
			defaultConfigurationIsVisible = 0;
			defaultConfigurationName = Release;
		};
		E7CF7E362880006A00EA50CC /* Build configuration list for PBXNativeTarget "Floating Tabbar Controller" */ = {
			isa = XCConfigurationList;
			buildConfigurations = (
				E7CF7E372880006A00EA50CC /* Debug */,
				E7CF7E382880006A00EA50CC /* Release */,
			);
			defaultConfigurationIsVisible = 0;
			defaultConfigurationName = Release;
		};
/* End XCConfigurationList section */

/* Begin XCVersionGroup section */
		E7CF7E2B2880006700EA50CC /* Floating_Tabbar_Controller.xcdatamodeld */ = {
			isa = XCVersionGroup;
			children = (
				E7CF7E2C2880006700EA50CC /* Floating_Tabbar_Controller.xcdatamodel */,
			);
			currentVersion = E7CF7E2C2880006700EA50CC /* Floating_Tabbar_Controller.xcdatamodel */;
			path = Floating_Tabbar_Controller.xcdatamodeld;
			sourceTree = "<group>";
			versionGroupType = wrapper.xcdatamodel;
		};
/* End XCVersionGroup section */
	};
	rootObject = E7CF7E172880006700EA50CC /* Project object */;
}
